Microsoft Visual Studio Solution File, Format Version 12.00
# Visual Studio 16
Project("{8BC9CEB8-8B4A-11D0-8D11-00A0C91BC942}") = "ALL_BUILD", "ALL_BUILD.vcxproj", "{9F8E3E5C-4731-3498-A7D6-3F3A9235ED87}"
	ProjectSection(ProjectDependencies) = postProject
		{2FE1DDC5-EF89-3FCF-8309-7761AD4DC62C} = {2FE1DDC5-EF89-3FCF-8309-7761AD4DC62C}
		{82622EDF-575A-30DD-8BAF-715A17A374FC} = {82622EDF-575A-30DD-8BAF-715A17A374FC}
		{AD02C249-5B5D-36CA-98E5-BCD7664D7509} = {AD02C249-5B5D-36CA-98E5-BCD7664D7509}
	EndProjectSection
EndProject
Project("{8BC9CEB8-8B4A-11D0-8D11-00A0C91BC942}") = "INSTALL", "INSTALL.vcxproj", "{30E208B5-0656-3466-97A7-5D9C9247B9ED}"
	ProjectSection(ProjectDependencies) = postProject
		{9F8E3E5C-4731-3498-A7D6-3F3A9235ED87} = {9F8E3E5C-4731-3498-A7D6-3F3A9235ED87}
		{2FE1DDC5-EF89-3FCF-8309-7761AD4DC62C} = {2FE1DDC5-EF89-3FCF-8309-7761AD4DC62C}
	EndProjectSection
EndProject
Project("{8BC9CEB8-8B4A-11D0-8D11-00A0C91BC942}") = "ZERO_CHECK", "ZERO_CHECK.vcxproj", "{2FE1DDC5-EF89-3FCF-8309-7761AD4DC62C}"
	ProjectSection(ProjectDependencies) = postProject
	EndProjectSection
EndProject
Project("{8BC9CEB8-8B4A-11D0-8D11-00A0C91BC942}") = "_gpboost", "_gpboost.vcxproj", "{82622EDF-575A-30DD-8BAF-715A17A374FC}"
	ProjectSection(ProjectDependencies) = postProject
		{2FE1DDC5-EF89-3FCF-8309-7761AD4DC62C} = {2FE1DDC5-EF89-3FCF-8309-7761AD4DC62C}
	EndProjectSection
EndProject
Project("{8BC9CEB8-8B4A-11D0-8D11-00A0C91BC942}") = "gpboost", "gpboost.vcxproj", "{AD02C249-5B5D-36CA-98E5-BCD7664D7509}"
	ProjectSection(ProjectDependencies) = postProject
		{2FE1DDC5-EF89-3FCF-8309-7761AD4DC62C} = {2FE1DDC5-EF89-3FCF-8309-7761AD4DC62C}
	EndProjectSection
EndProject
Global
	GlobalSection(SolutionConfigurationPlatforms) = preSolution
		Debug|x64 = Debug|x64
		Release|x64 = Release|x64
		MinSizeRel|x64 = MinSizeRel|x64
		RelWithDebInfo|x64 = RelWithDebInfo|x64
	EndGlobalSection
	GlobalSection(ProjectConfigurationPlatforms) = postSolution
		{9F8E3E5C-4731-3498-A7D6-3F3A9235ED87}.Debug|x64.ActiveCfg = Debug|x64
		{9F8E3E5C-4731-3498-A7D6-3F3A9235ED87}.Debug|x64.Build.0 = Debug|x64
		{9F8E3E5C-4731-3498-A7D6-3F3A9235ED87}.Release|x64.ActiveCfg = Release|x64
		{9F8E3E5C-4731-3498-A7D6-3F3A9235ED87}.Release|x64.Build.0 = Release|x64
		{9F8E3E5C-4731-3498-A7D6-3F3A9235ED87}.MinSizeRel|x64.ActiveCfg = MinSizeRel|x64
		{9F8E3E5C-4731-3498-A7D6-3F3A9235ED87}.MinSizeRel|x64.Build.0 = MinSizeRel|x64
		{9F8E3E5C-4731-3498-A7D6-3F3A9235ED87}.RelWithDebInfo|x64.ActiveCfg = RelWithDebInfo|x64
		{9F8E3E5C-4731-3498-A7D6-3F3A9235ED87}.RelWithDebInfo|x64.Build.0 = RelWithDebInfo|x64
		{30E208B5-0656-3466-97A7-5D9C9247B9ED}.Debug|x64.ActiveCfg = Debug|x64
		{30E208B5-0656-3466-97A7-5D9C9247B9ED}.Release|x64.ActiveCfg = Release|x64
		{30E208B5-0656-3466-97A7-5D9C9247B9ED}.MinSizeRel|x64.ActiveCfg = MinSizeRel|x64
		{30E208B5-0656-3466-97A7-5D9C9247B9ED}.RelWithDebInfo|x64.ActiveCfg = RelWithDebInfo|x64
		{2FE1DDC5-EF89-3FCF-8309-7761AD4DC62C}.Debug|x64.ActiveCfg = Debug|x64
		{2FE1DDC5-EF89-3FCF-8309-7761AD4DC62C}.Debug|x64.Build.0 = Debug|x64
		{2FE1DDC5-EF89-3FCF-8309-7761AD4DC62C}.Release|x64.ActiveCfg = Release|x64
		{2FE1DDC5-EF89-3FCF-8309-7761AD4DC62C}.Release|x64.Build.0 = Release|x64
		{2FE1DDC5-EF89-3FCF-8309-7761AD4DC62C}.MinSizeRel|x64.ActiveCfg = MinSizeRel|x64
		{2FE1DDC5-EF89-3FCF-8309-7761AD4DC62C}.MinSizeRel|x64.Build.0 = MinSizeRel|x64
		{2FE1DDC5-EF89-3FCF-8309-7761AD4DC62C}.RelWithDebInfo|x64.ActiveCfg = RelWithDebInfo|x64
		{2FE1DDC5-EF89-3FCF-8309-7761AD4DC62C}.RelWithDebInfo|x64.Build.0 = RelWithDebInfo|x64
		{82622EDF-575A-30DD-8BAF-715A17A374FC}.Debug|x64.ActiveCfg = Debug|x64
		{82622EDF-575A-30DD-8BAF-715A17A374FC}.Debug|x64.Build.0 = Debug|x64
		{82622EDF-575A-30DD-8BAF-715A17A374FC}.Release|x64.ActiveCfg = Release|x64
		{82622EDF-575A-30DD-8BAF-715A17A374FC}.Release|x64.Build.0 = Release|x64
		{82622EDF-575A-30DD-8BAF-715A17A374FC}.MinSizeRel|x64.ActiveCfg = MinSizeRel|x64
		{82622EDF-575A-30DD-8BAF-715A17A374FC}.MinSizeRel|x64.Build.0 = MinSizeRel|x64
		{82622EDF-575A-30DD-8BAF-715A17A374FC}.RelWithDebInfo|x64.ActiveCfg = RelWithDebInfo|x64
		{82622EDF-575A-30DD-8BAF-715A17A374FC}.RelWithDebInfo|x64.Build.0 = RelWithDebInfo|x64
		{AD02C249-5B5D-36CA-98E5-BCD7664D7509}.Debug|x64.ActiveCfg = Debug|x64
		{AD02C249-5B5D-36CA-98E5-BCD7664D7509}.Debug|x64.Build.0 = Debug|x64
		{AD02C249-5B5D-36CA-98E5-BCD7664D7509}.Release|x64.ActiveCfg = Release|x64
		{AD02C249-5B5D-36CA-98E5-BCD7664D7509}.Release|x64.Build.0 = Release|x64
		{AD02C249-5B5D-36CA-98E5-BCD7664D7509}.MinSizeRel|x64.ActiveCfg = MinSizeRel|x64
		{AD02C249-5B5D-36CA-98E5-BCD7664D7509}.MinSizeRel|x64.Build.0 = MinSizeRel|x64
		{AD02C249-5B5D-36CA-98E5-BCD7664D7509}.RelWithDebInfo|x64.ActiveCfg = RelWithDebInfo|x64
		{AD02C249-5B5D-36CA-98E5-BCD7664D7509}.RelWithDebInfo|x64.Build.0 = RelWithDebInfo|x64
	EndGlobalSection
	GlobalSection(ExtensibilityGlobals) = postSolution
		SolutionGuid = {9B626907-BDEE-38BC-B2F4-826403FDE6E4}
	EndGlobalSection
	GlobalSection(ExtensibilityAddIns) = postSolution
	EndGlobalSection
EndGlobal
